# This file is automatically @generated by Cargo.
# It is not intended for manual editing.
version = 4

[[package]]
name = "consema"
version = "0.1.0"
dependencies = [
 "consema-core",
 "consema-document",
 "consema-json",
 "consema-pvce",
]

[[package]]
name = "consema-conformance"
version = "0.1.0"
dependencies = [
 "consema-core",
 "consema-document",
 "consema-json",
 "consema-pvce",
]

[[package]]
name = "consema-core"
version = "0.1.0"

[[package]]
name = "consema-document"
version = "0.1.0"
dependencies = [
 "consema-core",
]

[[package]]
name = "consema-json"
version = "0.1.0"
dependencies = [
 "consema-core",
 "consema-document",
]

[[package]]
name = "consema-pvce"
version = "0.1.0"
dependencies = [
 "consema-core",
]
